
Microsoft Visual Studio Solution File, Format Version 12.00
# Visual Studio Version 16
VisualStudioVersion = 25.0.1700.7
MinimumVisualStudioVersion = 10.0.40219.1
Project("{FAE04EC0-301F-11D3-BF4B-00C04F79EFBC}") = "SimuladorBolsa", "SimuladorBolsa\SimuladorBolsa.csproj", "{23E7D43D-BF6E-4EA1-982C-746EE0DFFE40}"
EndProject
Project("{FAE04EC0-301F-11D3-BF4B-00C04F79EFBC}") = "SimuladorBolsa.Domain", "SimuladorBolsa.Domain\SimuladorBolsa.Domain.csproj", "{34D52549-D9E7-4F4A-A376-5B23E191331B}"
EndProject
Project("{FAE04EC0-301F-11D3-BF4B-00C04F79EFBC}") = "SimuladorBolsa.Services", "SimuladorBolsa.Services\SimuladorBolsa.Services.csproj", "{3A26A674-A2E9-489C-A1E6-7DF1B819E094}"
EndProject
Project("{FAE04EC0-301F-11D3-BF4B-00C04F79EFBC}") = "SimuladorBolsa.Repositories", "SimuladorBolsa.Repositories\SimuladorBolsa.Repositories.csproj", "{27C8A430-51E2-48F1-8948-48F35776B05E}"
EndProject
Project("{FAE04EC0-301F-11D3-BF4B-00C04F79EFBC}") = "SimuladorBolsa.Services.Tests", "SimuladorBolsa.Services.Tests\SimuladorBolsa.Services.Tests.csproj", "{A320A2F4-C1BF-49FB-AE03-E09C60FC69F4}"
EndProject
Global
	GlobalSection(SolutionConfigurationPlatforms) = preSolution
		Debug|Any CPU = Debug|Any CPU
		Release|Any CPU = Release|Any CPU
	EndGlobalSection
	GlobalSection(ProjectConfigurationPlatforms) = postSolution
		{23E7D43D-BF6E-4EA1-982C-746EE0DFFE40}.Debug|Any CPU.ActiveCfg = Debug|Any CPU
		{23E7D43D-BF6E-4EA1-982C-746EE0DFFE40}.Debug|Any CPU.Build.0 = Debug|Any CPU
		{23E7D43D-BF6E-4EA1-982C-746EE0DFFE40}.Release|Any CPU.ActiveCfg = Release|Any CPU
		{23E7D43D-BF6E-4EA1-982C-746EE0DFFE40}.Release|Any CPU.Build.0 = Release|Any CPU
		{34D52549-D9E7-4F4A-A376-5B23E191331B}.Debug|Any CPU.ActiveCfg = Debug|Any CPU
		{34D52549-D9E7-4F4A-A376-5B23E191331B}.Debug|Any CPU.Build.0 = Debug|Any CPU
		{34D52549-D9E7-4F4A-A376-5B23E191331B}.Release|Any CPU.ActiveCfg = Release|Any CPU
		{34D52549-D9E7-4F4A-A376-5B23E191331B}.Release|Any CPU.Build.0 = Release|Any CPU
		{3A26A674-A2E9-489C-A1E6-7DF1B819E094}.Debug|Any CPU.ActiveCfg = Debug|Any CPU
		{3A26A674-A2E9-489C-A1E6-7DF1B819E094}.Debug|Any CPU.Build.0 = Debug|Any CPU
		{3A26A674-A2E9-489C-A1E6-7DF1B819E094}.Release|Any CPU.ActiveCfg = Release|Any CPU
		{3A26A674-A2E9-489C-A1E6-7DF1B819E094}.Release|Any CPU.Build.0 = Release|Any CPU
		{27C8A430-51E2-48F1-8948-48F35776B05E}.Debug|Any CPU.ActiveCfg = Debug|Any CPU
		{27C8A430-51E2-48F1-8948-48F35776B05E}.Debug|Any CPU.Build.0 = Debug|Any CPU
		{27C8A430-51E2-48F1-8948-48F35776B05E}.Release|Any CPU.ActiveCfg = Release|Any CPU
		{27C8A430-51E2-48F1-8948-48F35776B05E}.Release|Any CPU.Build.0 = Release|Any CPU
		{A320A2F4-C1BF-49FB-AE03-E09C60FC69F4}.Debug|Any CPU.ActiveCfg = Debug|Any CPU
		{A320A2F4-C1BF-49FB-AE03-E09C60FC69F4}.Debug|Any CPU.Build.0 = Debug|Any CPU
		{A320A2F4-C1BF-49FB-AE03-E09C60FC69F4}.Release|Any CPU.ActiveCfg = Release|Any CPU
		{A320A2F4-C1BF-49FB-AE03-E09C60FC69F4}.Release|Any CPU.Build.0 = Release|Any CPU
	EndGlobalSection
	GlobalSection(SolutionProperties) = preSolution
		HideSolutionNode = FALSE
	EndGlobalSection
	GlobalSection(ExtensibilityGlobals) = postSolution
		SolutionGuid = {A1A9112C-907B-4F34-9F5A-802A46E8E792}
	EndGlobalSection
EndGlobal
